
Microsoft Visual Studio Solution File, Format Version 12.00
# Visual Studio Version 17
VisualStudioVersion = 17.3.32922.545
MinimumVisualStudioVersion = 10.0.40219.1
Project("{8BC9CEB8-8B4A-11D0-8D11-00A0C91BC942}") = "lobster-debug", "lobster-debug.vcxproj", "{7A52432C-17F9-4E8B-94AC-D3C841849A4B}"
	ProjectSection(ProjectDependencies) = postProject
		{2C576764-3A5A-4CCD-B50D-C7C9C0349282} = {2C576764-3A5A-4CCD-B50D-C7C9C0349282}
		{EB07932C-0AC4-4962-B691-713B05E36832} = {EB07932C-0AC4-4962-B691-713B05E36832}
	EndProjectSection
EndProject
Project("{8BC9CEB8-8B4A-11D0-8D11-00A0C91BC942}") = "language", "..\..\lobster\dev\lobster\language.vcxproj", "{2C576764-3A5A-4CCD-B50D-C7C9C0349282}"
EndProject
Project("{8BC9CEB8-8B4A-11D0-8D11-00A0C91BC942}") = "engine", "..\..\lobster\dev\lobster\lobster.vcxproj", "{EB07932C-0AC4-4962-B691-713B05E36832}"
EndProject
Global
	GlobalSection(SolutionConfigurationPlatforms) = preSolution
		Debug|x64 = Debug|x64
		Debug|x86 = Debug|x86
		Release|x64 = Release|x64
		Release|x86 = Release|x86
		ReleaseASAN|x64 = ReleaseASAN|x64
		ReleaseASAN|x86 = ReleaseASAN|x86
	EndGlobalSection
	GlobalSection(ProjectConfigurationPlatforms) = postSolution
		{7A52432C-17F9-4E8B-94AC-D3C841849A4B}.Debug|x64.ActiveCfg = Debug|x64
		{7A52432C-17F9-4E8B-94AC-D3C841849A4B}.Debug|x64.Build.0 = Debug|x64
		{7A52432C-17F9-4E8B-94AC-D3C841849A4B}.Debug|x86.ActiveCfg = Debug|Win32
		{7A52432C-17F9-4E8B-94AC-D3C841849A4B}.Debug|x86.Build.0 = Debug|Win32
		{7A52432C-17F9-4E8B-94AC-D3C841849A4B}.Release|x64.ActiveCfg = Release|x64
		{7A52432C-17F9-4E8B-94AC-D3C841849A4B}.Release|x64.Build.0 = Release|x64
		{7A52432C-17F9-4E8B-94AC-D3C841849A4B}.Release|x86.ActiveCfg = Release|Win32
		{7A52432C-17F9-4E8B-94AC-D3C841849A4B}.Release|x86.Build.0 = Release|Win32
		{7A52432C-17F9-4E8B-94AC-D3C841849A4B}.ReleaseASAN|x64.ActiveCfg = Release|x64
		{7A52432C-17F9-4E8B-94AC-D3C841849A4B}.ReleaseASAN|x64.Build.0 = Release|x64
		{7A52432C-17F9-4E8B-94AC-D3C841849A4B}.ReleaseASAN|x86.ActiveCfg = Release|Win32
		{7A52432C-17F9-4E8B-94AC-D3C841849A4B}.ReleaseASAN|x86.Build.0 = Release|Win32
		{2C576764-3A5A-4CCD-B50D-C7C9C0349282}.Debug|x64.ActiveCfg = Debug|x64
		{2C576764-3A5A-4CCD-B50D-C7C9C0349282}.Debug|x64.Build.0 = Debug|x64
		{2C576764-3A5A-4CCD-B50D-C7C9C0349282}.Debug|x86.ActiveCfg = Debug|x64
		{2C576764-3A5A-4CCD-B50D-C7C9C0349282}.Debug|x86.Build.0 = Debug|x64
		{2C576764-3A5A-4CCD-B50D-C7C9C0349282}.Release|x64.ActiveCfg = Release|x64
		{2C576764-3A5A-4CCD-B50D-C7C9C0349282}.Release|x64.Build.0 = Release|x64
		{2C576764-3A5A-4CCD-B50D-C7C9C0349282}.Release|x86.ActiveCfg = Release|x64
		{2C576764-3A5A-4CCD-B50D-C7C9C0349282}.Release|x86.Build.0 = Release|x64
		{2C576764-3A5A-4CCD-B50D-C7C9C0349282}.ReleaseASAN|x64.ActiveCfg = ReleaseASAN|x64
		{2C576764-3A5A-4CCD-B50D-C7C9C0349282}.ReleaseASAN|x64.Build.0 = ReleaseASAN|x64
		{2C576764-3A5A-4CCD-B50D-C7C9C0349282}.ReleaseASAN|x86.ActiveCfg = ReleaseASAN|x64
		{2C576764-3A5A-4CCD-B50D-C7C9C0349282}.ReleaseASAN|x86.Build.0 = ReleaseASAN|x64
		{EB07932C-0AC4-4962-B691-713B05E36832}.Debug|x64.ActiveCfg = Debug|x64
		{EB07932C-0AC4-4962-B691-713B05E36832}.Debug|x64.Build.0 = Debug|x64
		{EB07932C-0AC4-4962-B691-713B05E36832}.Debug|x86.ActiveCfg = Debug|x64
		{EB07932C-0AC4-4962-B691-713B05E36832}.Debug|x86.Build.0 = Debug|x64
		{EB07932C-0AC4-4962-B691-713B05E36832}.Release|x64.ActiveCfg = Release|x64
		{EB07932C-0AC4-4962-B691-713B05E36832}.Release|x64.Build.0 = Release|x64
		{EB07932C-0AC4-4962-B691-713B05E36832}.Release|x86.ActiveCfg = Release|x64
		{EB07932C-0AC4-4962-B691-713B05E36832}.Release|x86.Build.0 = Release|x64
		{EB07932C-0AC4-4962-B691-713B05E36832}.ReleaseASAN|x64.ActiveCfg = ReleaseASAN|x64
		{EB07932C-0AC4-4962-B691-713B05E36832}.ReleaseASAN|x64.Build.0 = ReleaseASAN|x64
		{EB07932C-0AC4-4962-B691-713B05E36832}.ReleaseASAN|x86.ActiveCfg = ReleaseASAN|x64
		{EB07932C-0AC4-4962-B691-713B05E36832}.ReleaseASAN|x86.Build.0 = ReleaseASAN|x64
	EndGlobalSection
	GlobalSection(SolutionProperties) = preSolution
		HideSolutionNode = FALSE
	EndGlobalSection
	GlobalSection(ExtensibilityGlobals) = postSolution
		SolutionGuid = {C4179ADF-051E-4D9A-BFE1-1E3C21F8DD07}
	EndGlobalSection
EndGlobal
